schema: '2.0'
stages:
  data_ingestion:
    cmd: python src/data_ingestion.py
    deps:
    - path: src/data_ingestion.py
      hash: md5
      md5: 96cf6fe2a8269ee9fa814118a6b94dbc
      size: 3538
    params:
      params.yaml:
        data_ingestion.test_size: 0.22
    outs:
    - path: data/raw
      hash: md5
      md5: 128dfa26ed103dcb3fcbedeead3a95bf.dir
      size: 479272
      nfiles: 2
  data_preprocessing:
    cmd: python src/data_preprocessing.py
    deps:
    - path: data/raw
      hash: md5
      md5: 128dfa26ed103dcb3fcbedeead3a95bf.dir
      size: 479272
      nfiles: 2
    - path: src/data_preprocessing.py
      hash: md5
      md5: 158130fa3ada2ed96ada460b539d42e9
      size: 3864
    outs:
    - path: data/interim
      hash: md5
      md5: 6fdde6b868bd17caad6a639eceb493fb.dir
      size: 255546
      nfiles: 2
  feature_engineering:
    cmd: python src/feature_engineering.py
    deps:
    - path: data/interim
      hash: md5
      md5: 6fdde6b868bd17caad6a639eceb493fb.dir
      size: 255546
      nfiles: 2
    - path: src/feature_engineering.py
      hash: md5
      md5: 55c838f8b9b24bdf96f0bf4a576fbf73
      size: 3798
    params:
      params.yaml:
        feature_engineering.max_features: 50
    outs:
    - path: data/processed
      hash: md5
      md5: 0459f8468dd4d9a30b64ee653d73adaa.dir
      size: 1176511
      nfiles: 2
  model_building:
    cmd: python src/model_building.py
    deps:
    - path: data/processed
      hash: md5
      md5: 0459f8468dd4d9a30b64ee653d73adaa.dir
      size: 1176511
      nfiles: 2
    - path: src/model_building.py
      hash: md5
      md5: 8ef2352f0b7a6136db7e9862b402ae2f
      size: 4374
    params:
      params.yaml:
        model_building.n_estimators: 25
        model_building.random_state: 2
    outs:
    - path: models/model.pkl
      hash: md5
      md5: a3f460f601fb262a0707c93c47e4ecc0
      size: 996409
  model_evaluation:
    cmd: python src/model_evaluation.py
    deps:
    - path: models/model.pkl
      hash: md5
      md5: a3f460f601fb262a0707c93c47e4ecc0
      size: 996409
    - path: src/model_evaluation.py
      hash: md5
      md5: 1bbdbcd4bcb06474359946271d6bebae
      size: 4588
    outs:
    - path: reports/metrics.json
      hash: md5
      md5: 877c1173b61e2fa7606dc8b1ac6537a7
      size: 140
