schema: '2.0'
stages:
  data_ingestion:
    cmd: python src/data_ingestion.py
    deps:
    - path: src/data_ingestion.py
      hash: md5
      md5: 47508bbbb4388feadf156bcf06135614
      size: 3538
    outs:
    - path: data/raw
      hash: md5
      md5: 6a4d11ab83c20d7412f4696595c0b4d1.dir
      size: 479272
      nfiles: 2
  data_preprocessing:
    cmd: python src/data_preprocessing.py
    deps:
    - path: data/raw
      hash: md5
      md5: 6a4d11ab83c20d7412f4696595c0b4d1.dir
      size: 479272
      nfiles: 2
    - path: src/data_preprocessing.py
      hash: md5
      md5: 158130fa3ada2ed96ada460b539d42e9
      size: 3864
    outs:
    - path: data/interim
      hash: md5
      md5: d3f80ea917209a657caed01201ee2780.dir
      size: 254818
      nfiles: 2
  feature_engineering:
    cmd: python src/feature_engineering.py
    deps:
    - path: data/interim
      hash: md5
      md5: d3f80ea917209a657caed01201ee2780.dir
      size: 254818
      nfiles: 2
    - path: src/feature_engineering.py
      hash: md5
      md5: c76ef89aa141fc1670fdc93c7e80d223
      size: 3798
    outs:
    - path: data/processed
      hash: md5
      md5: 7b800f3ef5911a14f39af9b874617e9c.dir
      size: 1174741
      nfiles: 2
  model_building:
    cmd: python src/model_building.py
    deps:
    - path: data/processed
      hash: md5
      md5: 7b800f3ef5911a14f39af9b874617e9c.dir
      size: 1174741
      nfiles: 2
    - path: src/model_building.py
      hash: md5
      md5: 38c7c68b8ba4f80f0e20b738aea67f58
      size: 4373
    outs:
    - path: models/model.pkl
      hash: md5
      md5: 07e23f650a2fa0e67847ca3ae8375827
      size: 998489
  model_evaluation:
    cmd: python src/model_evaluation.py
    deps:
    - path: models/model.pkl
      hash: md5
      md5: 07e23f650a2fa0e67847ca3ae8375827
      size: 998489
    - path: src/model_evaluation.py
      hash: md5
      md5: 5e77c39338dca7d6a2188f6ef7e0a4be
      size: 4588
    outs:
    - path: reports/metrics.json
      hash: md5
      md5: b5787b27ec5636c84a4468953782b599
      size: 140
